winget-provider-lock|1
dotnet-sdk|8.0.423
dotnet-runtime|8.0.29
target-framework|net8.0-windows10.0.26100.0
target-platform-min-version|10.0.17763.0
windows-sdk-net-ref|10.0.26100.56|SHA512|IjFc4STI6HVYd7hG2O8LxdMbRsjJb0pbt8oSOV+Mcl+hoIRkuHKfopq6FHYdY5o1tbFprFSZaXtXzOeXnDaFjg==
windows-cswinrt|2.3.1|SHA512|5LkAwRSxcbZpBiAdJjRE9w8q6Jh4voRckbtmbCpMW3jMDb0n2pwxlxANyXRcLEoMAxSTSCKcmjcX6waWrPAUuw==
windows-package-manager-inproccom|1.29.280|SHA512|uWSgGMlZEWCkdZ6kxXSI50fqFXaj8LWhFnOiEg0uKhpcSoEh2HCwPXasAiT32aZ3ZF8KGyOSlTtOal/+soZ7jg==
cswinrt-windows-metadata|10.0.26100.0
cswinrt-includes|Microsoft.Management.Deployment
rid|win-arm64
rid|win-x64
payload|Microsoft.Management.Deployment.dll
payload|Microsoft.Management.Deployment.dll.manifest
payload|Microsoft.Management.Deployment.winmd
payload|WindowsPackageManager.dll
authenticode|MachineUtilities.WinGetBroker.exe
authenticode|Microsoft.Management.Deployment.dll
authenticode|WindowsPackageManager.dll
dependency-authority|source-delegated-all
